
Microsoft Visual Studio Solution File, Format Version 12.00
# Visual Studio Version 17
VisualStudioVersion = 17.8.34322.80
MinimumVisualStudioVersion = 10.0.40219.1
Project("{9A19103F-16F7-4668-BE54-9A1E7A4F7556}") = "AzureFunctionVMStart", "AzureFunctionVMStart.csproj", "{CFEBDE95-9434-421A-BF1A-4FA1E302F0DD}"
EndProject
Global
	GlobalSection(SolutionConfigurationPlatforms) = preSolution
		Debug|Any CPU = Debug|Any CPU
		Release|Any CPU = Release|Any CPU
	EndGlobalSection
	GlobalSection(ProjectConfigurationPlatforms) = postSolution
		{CFEBDE95-9434-421A-BF1A-4FA1E302F0DD}.Debug|Any CPU.ActiveCfg = Debug|Any CPU
		{CFEBDE95-9434-421A-BF1A-4FA1E302F0DD}.Debug|Any CPU.Build.0 = Debug|Any CPU
		{CFEBDE95-9434-421A-BF1A-4FA1E302F0DD}.Release|Any CPU.ActiveCfg = Release|Any CPU
		{CFEBDE95-9434-421A-BF1A-4FA1E302F0DD}.Release|Any CPU.Build.0 = Release|Any CPU
	EndGlobalSection
	GlobalSection(SolutionProperties) = preSolution
		HideSolutionNode = FALSE
	EndGlobalSection
	GlobalSection(ExtensibilityGlobals) = postSolution
		SolutionGuid = {CDFE0E66-F528-48D5-9416-62AF3560992C}
	EndGlobalSection
EndGlobal
